
Microsoft Visual Studio Solution File, Format Version 12.00
# Visual Studio Version 16
VisualStudioVersion = 16.0.29123.88
MinimumVisualStudioVersion = 10.0.40219.1
Project("{9A19103F-16F7-4668-BE54-9A1E7A4F7556}") = "Client", "Client\Client.csproj", "{D0D5BC68-164B-4779-96D8-FADC06501BFE}"
EndProject
Project("{9A19103F-16F7-4668-BE54-9A1E7A4F7556}") = "Service", "SocketService\Service.csproj", "{E67DF0D5-3C94-4C16-BCE7-EFC56B002CD9}"
EndProject
Project("{9A19103F-16F7-4668-BE54-9A1E7A4F7556}") = "Interface", "Interface\Interface.csproj", "{53AB99FA-80E0-4764-A5C7-237C88B16B79}"
EndProject
Project("{9A19103F-16F7-4668-BE54-9A1E7A4F7556}") = "Helper", "Helper\Helper.csproj", "{A018532C-2E98-4B98-B66C-A7BDA1C65EB0}"
EndProject
Project("{9A19103F-16F7-4668-BE54-9A1E7A4F7556}") = "WebSocketServer", "WebSocketServer\WebSocketServer.csproj", "{0E243005-A3E1-43F5-BCA8-F532921CB328}"
EndProject
Project("{FAE04EC0-301F-11D3-BF4B-00C04F79EFBC}") = "Model", "Model\Model.csproj", "{BAE2C2CD-04C8-4C51-A81B-560098A0E93E}"
EndProject
Global
	GlobalSection(SolutionConfigurationPlatforms) = preSolution
		Debug|Any CPU = Debug|Any CPU
		Release|Any CPU = Release|Any CPU
	EndGlobalSection
	GlobalSection(ProjectConfigurationPlatforms) = postSolution
		{D0D5BC68-164B-4779-96D8-FADC06501BFE}.Debug|Any CPU.ActiveCfg = Debug|Any CPU
		{D0D5BC68-164B-4779-96D8-FADC06501BFE}.Debug|Any CPU.Build.0 = Debug|Any CPU
		{D0D5BC68-164B-4779-96D8-FADC06501BFE}.Release|Any CPU.ActiveCfg = Release|Any CPU
		{D0D5BC68-164B-4779-96D8-FADC06501BFE}.Release|Any CPU.Build.0 = Release|Any CPU
		{E67DF0D5-3C94-4C16-BCE7-EFC56B002CD9}.Debug|Any CPU.ActiveCfg = Debug|Any CPU
		{E67DF0D5-3C94-4C16-BCE7-EFC56B002CD9}.Debug|Any CPU.Build.0 = Debug|Any CPU
		{E67DF0D5-3C94-4C16-BCE7-EFC56B002CD9}.Release|Any CPU.ActiveCfg = Release|Any CPU
		{E67DF0D5-3C94-4C16-BCE7-EFC56B002CD9}.Release|Any CPU.Build.0 = Release|Any CPU
		{53AB99FA-80E0-4764-A5C7-237C88B16B79}.Debug|Any CPU.ActiveCfg = Debug|Any CPU
		{53AB99FA-80E0-4764-A5C7-237C88B16B79}.Debug|Any CPU.Build.0 = Debug|Any CPU
		{53AB99FA-80E0-4764-A5C7-237C88B16B79}.Release|Any CPU.ActiveCfg = Release|Any CPU
		{53AB99FA-80E0-4764-A5C7-237C88B16B79}.Release|Any CPU.Build.0 = Release|Any CPU
		{A018532C-2E98-4B98-B66C-A7BDA1C65EB0}.Debug|Any CPU.ActiveCfg = Debug|Any CPU
		{A018532C-2E98-4B98-B66C-A7BDA1C65EB0}.Debug|Any CPU.Build.0 = Debug|Any CPU
		{A018532C-2E98-4B98-B66C-A7BDA1C65EB0}.Release|Any CPU.ActiveCfg = Release|Any CPU
		{A018532C-2E98-4B98-B66C-A7BDA1C65EB0}.Release|Any CPU.Build.0 = Release|Any CPU
		{0E243005-A3E1-43F5-BCA8-F532921CB328}.Debug|Any CPU.ActiveCfg = Debug|Any CPU
		{0E243005-A3E1-43F5-BCA8-F532921CB328}.Debug|Any CPU.Build.0 = Debug|Any CPU
		{0E243005-A3E1-43F5-BCA8-F532921CB328}.Release|Any CPU.ActiveCfg = Release|Any CPU
		{0E243005-A3E1-43F5-BCA8-F532921CB328}.Release|Any CPU.Build.0 = Release|Any CPU
		{BAE2C2CD-04C8-4C51-A81B-560098A0E93E}.Debug|Any CPU.ActiveCfg = Debug|Any CPU
		{BAE2C2CD-04C8-4C51-A81B-560098A0E93E}.Debug|Any CPU.Build.0 = Debug|Any CPU
		{BAE2C2CD-04C8-4C51-A81B-560098A0E93E}.Release|Any CPU.ActiveCfg = Release|Any CPU
		{BAE2C2CD-04C8-4C51-A81B-560098A0E93E}.Release|Any CPU.Build.0 = Release|Any CPU
	EndGlobalSection
	GlobalSection(SolutionProperties) = preSolution
		HideSolutionNode = FALSE
	EndGlobalSection
	GlobalSection(ExtensibilityGlobals) = postSolution
		SolutionGuid = {7A7619FE-6A2F-4237-B02B-169FD6BE0C8E}
	EndGlobalSection
EndGlobal
